
Microsoft Visual Studio Solution File, Format Version 12.00
# Visual Studio Version 17
VisualStudioVersion = 17.14.36310.24
MinimumVisualStudioVersion = 10.0.40219.1
Project("{FAE04EC0-301F-11D3-BF4B-00C04F79EFBC}") = "SEMANA1_C#", "SEMANA1_C#\SEMANA1_C#.csproj", "{B380C2C0-D743-461C-ADC6-7AF9481C781C}"
EndProject
Project("{888888A0-9F3D-457C-B088-3A5042F75D52}") = "SEMANA1_PYTHON", "SEMANA1_PYTHON\SEMANA1_PYTHON.pyproj", "{71F54820-44A8-49D7-B86F-EBDF8BB6FFD2}"
EndProject
Project("{888888A0-9F3D-457C-B088-3A5042F75D52}") = "SEMANA4-PY", "SEMANA4-PY\SEMANA4-PY.pyproj", "{CEAFFE2C-02FF-4F15-B639-380E9072EC30}"
EndProject
Project("{888888A0-9F3D-457C-B088-3A5042F75D52}") = "SEMANA5_PY", "SEMANA5_PY\SEMANA5_PY.pyproj", "{D70CA446-C59A-45C5-B5D7-50554D603A67}"
EndProject
Project("{888888A0-9F3D-457C-B088-3A5042F75D52}") = "SEMANA6_PY", "SEMANA6_PY\SEMANA6_PY.pyproj", "{47F14429-618B-46CC-8E81-1C9AA7D001EA}"
EndProject
Project("{888888A0-9F3D-457C-B088-3A5042F75D52}") = "SEMANA7_PY", "SEMANA7_PY\SEMANA7_PY.pyproj", "{E9EEFF1F-36EC-44F3-ADF3-9622261ADE79}"
EndProject
Project("{888888A0-9F3D-457C-B088-3A5042F75D52}") = "SEMANA9_PY", "SEMANA9_PY\SEMANA9_PY.pyproj", "{A657722E-1950-4FBE-967E-D4F78EB2421A}"
EndProject
Global
	GlobalSection(SolutionConfigurationPlatforms) = preSolution
		Debug|Any CPU = Debug|Any CPU
		Release|Any CPU = Release|Any CPU
	EndGlobalSection
	GlobalSection(ProjectConfigurationPlatforms) = postSolution
		{B380C2C0-D743-461C-ADC6-7AF9481C781C}.Debug|Any CPU.ActiveCfg = Debug|Any CPU
		{B380C2C0-D743-461C-ADC6-7AF9481C781C}.Debug|Any CPU.Build.0 = Debug|Any CPU
		{B380C2C0-D743-461C-ADC6-7AF9481C781C}.Release|Any CPU.ActiveCfg = Release|Any CPU
		{B380C2C0-D743-461C-ADC6-7AF9481C781C}.Release|Any CPU.Build.0 = Release|Any CPU
		{71F54820-44A8-49D7-B86F-EBDF8BB6FFD2}.Debug|Any CPU.ActiveCfg = Debug|Any CPU
		{71F54820-44A8-49D7-B86F-EBDF8BB6FFD2}.Release|Any CPU.ActiveCfg = Release|Any CPU
		{CEAFFE2C-02FF-4F15-B639-380E9072EC30}.Debug|Any CPU.ActiveCfg = Debug|Any CPU
		{CEAFFE2C-02FF-4F15-B639-380E9072EC30}.Release|Any CPU.ActiveCfg = Release|Any CPU
		{D70CA446-C59A-45C5-B5D7-50554D603A67}.Debug|Any CPU.ActiveCfg = Debug|Any CPU
		{D70CA446-C59A-45C5-B5D7-50554D603A67}.Release|Any CPU.ActiveCfg = Release|Any CPU
		{47F14429-618B-46CC-8E81-1C9AA7D001EA}.Debug|Any CPU.ActiveCfg = Debug|Any CPU
		{47F14429-618B-46CC-8E81-1C9AA7D001EA}.Release|Any CPU.ActiveCfg = Release|Any CPU
		{E9EEFF1F-36EC-44F3-ADF3-9622261ADE79}.Debug|Any CPU.ActiveCfg = Debug|Any CPU
		{E9EEFF1F-36EC-44F3-ADF3-9622261ADE79}.Release|Any CPU.ActiveCfg = Release|Any CPU
		{A657722E-1950-4FBE-967E-D4F78EB2421A}.Debug|Any CPU.ActiveCfg = Debug|Any CPU
		{A657722E-1950-4FBE-967E-D4F78EB2421A}.Release|Any CPU.ActiveCfg = Release|Any CPU
	EndGlobalSection
	GlobalSection(SolutionProperties) = preSolution
		HideSolutionNode = FALSE
	EndGlobalSection
	GlobalSection(ExtensibilityGlobals) = postSolution
		SolutionGuid = {784B4BF8-541D-4663-99A2-863DB5B17BAD}
	EndGlobalSection
EndGlobal
